
Microsoft Visual Studio Solution File, Format Version 12.00
# Visual Studio Version 17
VisualStudioVersion = 17.7.34031.279
MinimumVisualStudioVersion = 10.0.40219.1
Project("{FAE04EC0-301F-11D3-BF4B-00C04F79EFBC}") = "Experimenting", "Experimenting\Experimenting.csproj", "{3A3FB870-7AAD-47FB-ADE8-9D615E23FCC2}"
EndProject
Global
	GlobalSection(SolutionConfigurationPlatforms) = preSolution
		Debug|Any CPU = Debug|Any CPU
		Release|Any CPU = Release|Any CPU
	EndGlobalSection
	GlobalSection(ProjectConfigurationPlatforms) = postSolution
		{3A3FB870-7AAD-47FB-ADE8-9D615E23FCC2}.Debug|Any CPU.ActiveCfg = Debug|Any CPU
		{3A3FB870-7AAD-47FB-ADE8-9D615E23FCC2}.Debug|Any CPU.Build.0 = Debug|Any CPU
		{3A3FB870-7AAD-47FB-ADE8-9D615E23FCC2}.Release|Any CPU.ActiveCfg = Release|Any CPU
		{3A3FB870-7AAD-47FB-ADE8-9D615E23FCC2}.Release|Any CPU.Build.0 = Release|Any CPU
	EndGlobalSection
	GlobalSection(SolutionProperties) = preSolution
		HideSolutionNode = FALSE
	EndGlobalSection
	GlobalSection(ExtensibilityGlobals) = postSolution
		SolutionGuid = {E9308753-8A31-4E58-8C0A-9F4C2B838E22}
	EndGlobalSection
EndGlobal
